
Microsoft Visual Studio Solution File, Format Version 12.00
# Visual Studio Version 16
VisualStudioVersion = 16.0.32413.511
MinimumVisualStudioVersion = 10.0.40219.1
Project("{FAE04EC0-301F-11D3-BF4B-00C04F79EFBC}") = "OnlineMarket", "OnlineMarket\OnlineMarket.csproj", "{30D0CB02-CADD-471F-8671-4AA8DB674BA9}"
EndProject
Global
	GlobalSection(SolutionConfigurationPlatforms) = preSolution
		Debug|Any CPU = Debug|Any CPU
		Release|Any CPU = Release|Any CPU
	EndGlobalSection
	GlobalSection(ProjectConfigurationPlatforms) = postSolution
		{30D0CB02-CADD-471F-8671-4AA8DB674BA9}.Debug|Any CPU.ActiveCfg = Debug|Any CPU
		{30D0CB02-CADD-471F-8671-4AA8DB674BA9}.Debug|Any CPU.Build.0 = Debug|Any CPU
		{30D0CB02-CADD-471F-8671-4AA8DB674BA9}.Release|Any CPU.ActiveCfg = Release|Any CPU
		{30D0CB02-CADD-471F-8671-4AA8DB674BA9}.Release|Any CPU.Build.0 = Release|Any CPU
	EndGlobalSection
	GlobalSection(SolutionProperties) = preSolution
		HideSolutionNode = FALSE
	EndGlobalSection
	GlobalSection(ExtensibilityGlobals) = postSolution
		SolutionGuid = {BCC7B054-6E30-4FB4-A450-A6E68247B34E}
	EndGlobalSection
EndGlobal
